
Microsoft Visual Studio Solution File, Format Version 12.00
# Visual Studio Version 16
VisualStudioVersion = 16.0.30907.101
MinimumVisualStudioVersion = 10.0.40219.1
Project("{9A19103F-16F7-4668-BE54-9A1E7A4F7556}") = "API", "API\API.csproj", "{8738ABDB-54FE-4994-B77C-577E07A32F59}"
EndProject
Project("{9A19103F-16F7-4668-BE54-9A1E7A4F7556}") = "BS", "BS\BS.csproj", "{059258DA-7192-4114-B9A3-345DE5A6C1F2}"
EndProject
Project("{9A19103F-16F7-4668-BE54-9A1E7A4F7556}") = "DAL", "DAL\DAL.csproj", "{9CB4DC28-1436-406F-ACBC-29EAF1E0402F}"
EndProject
Project("{9A19103F-16F7-4668-BE54-9A1E7A4F7556}") = "DAL.DO", "DAL.DO\DAL.DO.csproj", "{BD683979-A1ED-4AF1-A675-C1434DB74D4A}"
EndProject
Project("{9A19103F-16F7-4668-BE54-9A1E7A4F7556}") = "DAL.Repository", "DAL.Repository\DAL.Repository.csproj", "{5EDA7B01-6181-4060-92BB-FFBBB611EFC7}"
EndProject
Project("{9A19103F-16F7-4668-BE54-9A1E7A4F7556}") = "DAL.EF", "DAL.EF\DAL.EF.csproj", "{DBA0F08E-D5D4-4337-851F-C842D876CA82}"
EndProject
Project("{9A19103F-16F7-4668-BE54-9A1E7A4F7556}") = "API.W2", "API.W2\API.W2.csproj", "{073FB943-801C-41EC-8C9F-BCA571B9F72D}"
EndProject
Global
	GlobalSection(SolutionConfigurationPlatforms) = preSolution
		Debug|Any CPU = Debug|Any CPU
		Release|Any CPU = Release|Any CPU
	EndGlobalSection
	GlobalSection(ProjectConfigurationPlatforms) = postSolution
		{8738ABDB-54FE-4994-B77C-577E07A32F59}.Debug|Any CPU.ActiveCfg = Debug|Any CPU
		{8738ABDB-54FE-4994-B77C-577E07A32F59}.Debug|Any CPU.Build.0 = Debug|Any CPU
		{8738ABDB-54FE-4994-B77C-577E07A32F59}.Release|Any CPU.ActiveCfg = Release|Any CPU
		{8738ABDB-54FE-4994-B77C-577E07A32F59}.Release|Any CPU.Build.0 = Release|Any CPU
		{059258DA-7192-4114-B9A3-345DE5A6C1F2}.Debug|Any CPU.ActiveCfg = Debug|Any CPU
		{059258DA-7192-4114-B9A3-345DE5A6C1F2}.Debug|Any CPU.Build.0 = Debug|Any CPU
		{059258DA-7192-4114-B9A3-345DE5A6C1F2}.Release|Any CPU.ActiveCfg = Release|Any CPU
		{059258DA-7192-4114-B9A3-345DE5A6C1F2}.Release|Any CPU.Build.0 = Release|Any CPU
		{9CB4DC28-1436-406F-ACBC-29EAF1E0402F}.Debug|Any CPU.ActiveCfg = Debug|Any CPU
		{9CB4DC28-1436-406F-ACBC-29EAF1E0402F}.Debug|Any CPU.Build.0 = Debug|Any CPU
		{9CB4DC28-1436-406F-ACBC-29EAF1E0402F}.Release|Any CPU.ActiveCfg = Release|Any CPU
		{9CB4DC28-1436-406F-ACBC-29EAF1E0402F}.Release|Any CPU.Build.0 = Release|Any CPU
		{BD683979-A1ED-4AF1-A675-C1434DB74D4A}.Debug|Any CPU.ActiveCfg = Debug|Any CPU
		{BD683979-A1ED-4AF1-A675-C1434DB74D4A}.Debug|Any CPU.Build.0 = Debug|Any CPU
		{BD683979-A1ED-4AF1-A675-C1434DB74D4A}.Release|Any CPU.ActiveCfg = Release|Any CPU
		{BD683979-A1ED-4AF1-A675-C1434DB74D4A}.Release|Any CPU.Build.0 = Release|Any CPU
		{5EDA7B01-6181-4060-92BB-FFBBB611EFC7}.Debug|Any CPU.ActiveCfg = Debug|Any CPU
		{5EDA7B01-6181-4060-92BB-FFBBB611EFC7}.Debug|Any CPU.Build.0 = Debug|Any CPU
		{5EDA7B01-6181-4060-92BB-FFBBB611EFC7}.Release|Any CPU.ActiveCfg = Release|Any CPU
		{5EDA7B01-6181-4060-92BB-FFBBB611EFC7}.Release|Any CPU.Build.0 = Release|Any CPU
		{DBA0F08E-D5D4-4337-851F-C842D876CA82}.Debug|Any CPU.ActiveCfg = Debug|Any CPU
		{DBA0F08E-D5D4-4337-851F-C842D876CA82}.Debug|Any CPU.Build.0 = Debug|Any CPU
		{DBA0F08E-D5D4-4337-851F-C842D876CA82}.Release|Any CPU.ActiveCfg = Release|Any CPU
		{DBA0F08E-D5D4-4337-851F-C842D876CA82}.Release|Any CPU.Build.0 = Release|Any CPU
		{073FB943-801C-41EC-8C9F-BCA571B9F72D}.Debug|Any CPU.ActiveCfg = Debug|Any CPU
		{073FB943-801C-41EC-8C9F-BCA571B9F72D}.Debug|Any CPU.Build.0 = Debug|Any CPU
		{073FB943-801C-41EC-8C9F-BCA571B9F72D}.Release|Any CPU.ActiveCfg = Release|Any CPU
		{073FB943-801C-41EC-8C9F-BCA571B9F72D}.Release|Any CPU.Build.0 = Release|Any CPU
	EndGlobalSection
	GlobalSection(SolutionProperties) = preSolution
		HideSolutionNode = FALSE
	EndGlobalSection
	GlobalSection(ExtensibilityGlobals) = postSolution
		SolutionGuid = {6C9545FA-F519-438D-BD90-B0749CEEBAF8}
	EndGlobalSection
EndGlobal
